
Microsoft Visual Studio Solution File, Format Version 12.00
# Visual Studio Version 16
VisualStudioVersion = 16.0.29609.76
MinimumVisualStudioVersion = 10.0.40219.1
Project("{FAE04EC0-301F-11D3-BF4B-00C04F79EFBC}") = "Runner", "Runner\Runner.csproj", "{855B0806-D2E5-4C8F-B248-297D9AC29788}"
EndProject
Project("{FAE04EC0-301F-11D3-BF4B-00C04F79EFBC}") = "Cpp2Csharp", "Cpp2Csharp\Cpp2Csharp.csproj", "{6DE26FD8-12F8-4BE4-982B-2C7A421C9FEF}"
EndProject
Global
	GlobalSection(SolutionConfigurationPlatforms) = preSolution
		Debug|Any CPU = Debug|Any CPU
		Release|Any CPU = Release|Any CPU
	EndGlobalSection
	GlobalSection(ProjectConfigurationPlatforms) = postSolution
		{855B0806-D2E5-4C8F-B248-297D9AC29788}.Debug|Any CPU.ActiveCfg = Debug|Any CPU
		{855B0806-D2E5-4C8F-B248-297D9AC29788}.Debug|Any CPU.Build.0 = Debug|Any CPU
		{855B0806-D2E5-4C8F-B248-297D9AC29788}.Release|Any CPU.ActiveCfg = Release|Any CPU
		{855B0806-D2E5-4C8F-B248-297D9AC29788}.Release|Any CPU.Build.0 = Release|Any CPU
		{6DE26FD8-12F8-4BE4-982B-2C7A421C9FEF}.Debug|Any CPU.ActiveCfg = Debug|Any CPU
		{6DE26FD8-12F8-4BE4-982B-2C7A421C9FEF}.Debug|Any CPU.Build.0 = Debug|Any CPU
		{6DE26FD8-12F8-4BE4-982B-2C7A421C9FEF}.Release|Any CPU.ActiveCfg = Release|Any CPU
		{6DE26FD8-12F8-4BE4-982B-2C7A421C9FEF}.Release|Any CPU.Build.0 = Release|Any CPU
	EndGlobalSection
	GlobalSection(SolutionProperties) = preSolution
		HideSolutionNode = FALSE
	EndGlobalSection
	GlobalSection(ExtensibilityGlobals) = postSolution
		SolutionGuid = {A0BF3145-BA05-4C71-AE59-63A5A92FBE27}
	EndGlobalSection
EndGlobal
